
Microsoft Visual Studio Solution File, Format Version 12.00
# Visual Studio Version 17
VisualStudioVersion = 17.4.33110.190
MinimumVisualStudioVersion = 10.0.40219.1
Project("{FAE04EC0-301F-11D3-BF4B-00C04F79EFBC}") = "ResponseCache", "ResponseCache\ResponseCache.csproj", "{97EF8161-CD05-4F83-9C04-850B54BCE104}"
EndProject
Global
	GlobalSection(SolutionConfigurationPlatforms) = preSolution
		Debug|Any CPU = Debug|Any CPU
		Release|Any CPU = Release|Any CPU
	EndGlobalSection
	GlobalSection(ProjectConfigurationPlatforms) = postSolution
		{97EF8161-CD05-4F83-9C04-850B54BCE104}.Debug|Any CPU.ActiveCfg = Debug|Any CPU
		{97EF8161-CD05-4F83-9C04-850B54BCE104}.Debug|Any CPU.Build.0 = Debug|Any CPU
		{97EF8161-CD05-4F83-9C04-850B54BCE104}.Release|Any CPU.ActiveCfg = Release|Any CPU
		{97EF8161-CD05-4F83-9C04-850B54BCE104}.Release|Any CPU.Build.0 = Release|Any CPU
	EndGlobalSection
	GlobalSection(SolutionProperties) = preSolution
		HideSolutionNode = FALSE
	EndGlobalSection
	GlobalSection(ExtensibilityGlobals) = postSolution
		SolutionGuid = {EE65546D-B3A2-4639-BCB0-093AB9DC1E10}
	EndGlobalSection
EndGlobal
